
Microsoft Visual Studio Solution File, Format Version 12.00
# Visual Studio Version 16
VisualStudioVersion = 16.0.31911.196
MinimumVisualStudioVersion = 10.0.40219.1
Project("{9A19103F-16F7-4668-BE54-9A1E7A4F7556}") = "MemberRestApi", "MemberRestApi.csproj", "{CA88C8CE-C22D-4CD7-81F7-8C0C325DE315}"
EndProject
Project("{FAE04EC0-301F-11D3-BF4B-00C04F79EFBC}") = "MemberRestApiTests", "..\MemberRestApiTests\MemberRestApiTests.csproj", "{741CD18F-9FBD-4802-87FC-0FFEA62FF330}"
EndProject
Global
	GlobalSection(SolutionConfigurationPlatforms) = preSolution
		Debug|Any CPU = Debug|Any CPU
		Release|Any CPU = Release|Any CPU
	EndGlobalSection
	GlobalSection(ProjectConfigurationPlatforms) = postSolution
		{CA88C8CE-C22D-4CD7-81F7-8C0C325DE315}.Debug|Any CPU.ActiveCfg = Debug|Any CPU
		{CA88C8CE-C22D-4CD7-81F7-8C0C325DE315}.Debug|Any CPU.Build.0 = Debug|Any CPU
		{CA88C8CE-C22D-4CD7-81F7-8C0C325DE315}.Release|Any CPU.ActiveCfg = Release|Any CPU
		{CA88C8CE-C22D-4CD7-81F7-8C0C325DE315}.Release|Any CPU.Build.0 = Release|Any CPU
		{741CD18F-9FBD-4802-87FC-0FFEA62FF330}.Debug|Any CPU.ActiveCfg = Debug|Any CPU
		{741CD18F-9FBD-4802-87FC-0FFEA62FF330}.Debug|Any CPU.Build.0 = Debug|Any CPU
		{741CD18F-9FBD-4802-87FC-0FFEA62FF330}.Release|Any CPU.ActiveCfg = Release|Any CPU
		{741CD18F-9FBD-4802-87FC-0FFEA62FF330}.Release|Any CPU.Build.0 = Release|Any CPU
	EndGlobalSection
	GlobalSection(SolutionProperties) = preSolution
		HideSolutionNode = FALSE
	EndGlobalSection
	GlobalSection(ExtensibilityGlobals) = postSolution
		SolutionGuid = {835BB643-293F-41B3-80EB-85E0358945CB}
	EndGlobalSection
EndGlobal
